{
  "version": 4,
  "terraform_version": "1.4.2",
  "serial": 1,
  "lineage": "5585cbbd-3626-fd48-66e4-6648758bbbd4",
  "outputs": {},
  "resources": [
    {
      "mode": "managed",
      "type": "google_project",
      "name": "desafio-latam",
      "provider": "provider[\"registry.terraform.io/hashicorp/google\"]",
      "instances": [
        {
          "schema_version": 1,
          "attributes": {
            "auto_create_network": true,
            "billing_account": null,
            "deletion_policy": "PREVENT",
            "effective_labels": {
              "environment": "development",
              "goog-terraform-provisioned": "true"
            },
            "folder_id": null,
            "id": "projects/desafio-latam-leonardora",
            "labels": {
              "environment": "development"
            },
            "name": "desafio-latam",
            "number": "910909964235",
            "org_id": null,
            "project_id": "desafio-latam-leonardora",
            "tags": null,
            "terraform_labels": {
              "environment": "development",
              "goog-terraform-provisioned": "true"
            },
            "timeouts": null
          },
          "sensitive_attributes": [],
          "private": "eyJlMmJmYjczMC1lY2FhLTExZTYtOGY4OC0zNDM2M2JjN2M0YzAiOnsiY3JlYXRlIjo2MDAwMDAwMDAwMDAsImRlbGV0ZSI6NjAwMDAwMDAwMDAwLCJyZWFkIjo2MDAwMDAwMDAwMDAsInVwZGF0ZSI6NjAwMDAwMDAwMDAwfSwic2NoZW1hX3ZlcnNpb24iOiIxIn0="
        }
      ]
    }
  ],
  "check_results": null
}
